// !$*UTF8*$!
{
	archiveVersion = 1;
	classes = {
	};
	objectVersion = 46;
	objects = {

/* Begin PBXBuildFile section */
		6CC053521B1CAD88005F6A8A /* AppDelegate.swift in Sources */ = {isa = PBXBuildFile; fileRef = 6CC053511B1CAD88005F6A8A /* AppDelegate.swift */; };
		6CC053551B1CAD88005F6A8A /* badgetMAIV.xcdatamodeld in Sources */ = {isa = PBXBuildFile; fileRef = 6CC053531B1CAD88005F6A8A /* badgetMAIV.xcdatamodeld */; };
		6CC053571B1CAD88005F6A8A /* ViewController.swift in Sources */ = {isa = PBXBuildFile; fileRef = 6CC053561B1CAD88005F6A8A /* ViewController.swift */; };
		6CC053591B1CAD88005F6A8A /* Images.xcassets in Resources */ = {isa = PBXBuildFile; fileRef = 6CC053581B1CAD88005F6A8A /* Images.xcassets */; };
		6CC0535C1B1CAD88005F6A8A /* LaunchScreen.xib in Resources */ = {isa = PBXBuildFile; fileRef = 6CC0535A1B1CAD88005F6A8A /* LaunchScreen.xib */; };
		6CC053681B1CAD88005F6A8A /* badgetMAIVTests.swift in Sources */ = {isa = PBXBuildFile; fileRef = 6CC053671B1CAD88005F6A8A /* badgetMAIVTests.swift */; };
		6CC053801B1CADD5005F6A8A /* Alamofire.framework in Frameworks */ = {isa = PBXBuildFile; fileRef = 6CC053791B1CADBE005F6A8A /* Alamofire.framework */; };
		6CC053811B1CADD5005F6A8A /* Alamofire.framework in Embed Frameworks */ = {isa = PBXBuildFile; fileRef = 6CC053791B1CADBE005F6A8A /* Alamofire.framework */; settings = {ATTRIBUTES = (CodeSignOnCopy, RemoveHeadersOnCopy, ); }; };
		6CC053861B1CAE07005F6A8A /* ChallengeViewController.swift in Sources */ = {isa = PBXBuildFile; fileRef = 6CC053851B1CAE07005F6A8A /* ChallengeViewController.swift */; };
		6CF186461B1CF3290004711E /* CustomTabBarController.swift in Sources */ = {isa = PBXBuildFile; fileRef = 6CF186451B1CF3290004711E /* CustomTabBarController.swift */; };
/* End PBXBuildFile section */

/* Begin PBXContainerItemProxy section */
		6CC053621B1CAD88005F6A8A /* PBXContainerItemProxy */ = {
			isa = PBXContainerItemProxy;
			containerPortal = 6CC053441B1CAD88005F6A8A /* Project object */;
			proxyType = 1;
			remoteGlobalIDString = 6CC0534B1B1CAD88005F6A8A;
			remoteInfo = badgetMAIV;
		};
		6CC053781B1CADBE005F6A8A /* PBXContainerItemProxy */ = {
			isa = PBXContainerItemProxy;
			containerPortal = 6CC053711B1CADBE005F6A8A /* Alamofire.xcodeproj */;
			proxyType = 2;
			remoteGlobalIDString = F8111E3319A95C8B0040E7D1;
			remoteInfo = "Alamofire iOS";
		};
		6CC0537A1B1CADBE005F6A8A /* PBXContainerItemProxy */ = {
			isa = PBXContainerItemProxy;
			containerPortal = 6CC053711B1CADBE005F6A8A /* Alamofire.xcodeproj */;
			proxyType = 2;
			remoteGlobalIDString = 4DD67C0B1A5C55C900ED2280;
			remoteInfo = "Alamofire OSX";
		};
		6CC0537C1B1CADBE005F6A8A /* PBXContainerItemProxy */ = {
			isa = PBXContainerItemProxy;
			containerPortal = 6CC053711B1CADBE005F6A8A /* Alamofire.xcodeproj */;
			proxyType = 2;
			remoteGlobalIDString = F8111E3E19A95C8B0040E7D1;
			remoteInfo = "Alamofire iOS Tests";
		};
		6CC0537E1B1CADBE005F6A8A /* PBXContainerItemProxy */ = {
			isa = PBXContainerItemProxy;
			containerPortal = 6CC053711B1CADBE005F6A8A /* Alamofire.xcodeproj */;
			proxyType = 2;
			remoteGlobalIDString = F829C6B21A7A94F100A2CD59;
			remoteInfo = "Alamofire OSX Tests";
		};
		6CC053821B1CADD5005F6A8A /* PBXContainerItemProxy */ = {
			isa = PBXContainerItemProxy;
			containerPortal = 6CC053711B1CADBE005F6A8A /* Alamofire.xcodeproj */;
			proxyType = 1;
			remoteGlobalIDString = F8111E3219A95C8B0040E7D1;
			remoteInfo = "Alamofire iOS";
		};
/* End PBXContainerItemProxy section */

/* Begin PBXCopyFilesBuildPhase section */
		6CC053841B1CADD5005F6A8A /* Embed Frameworks */ = {
			isa = PBXCopyFilesBuildPhase;
			buildActionMask = 2147483647;
			dstPath = "";
			dstSubfolderSpec = 10;
			files = (
				6CC053811B1CADD5005F6A8A /* Alamofire.framework in Embed Frameworks */,
			);
			name = "Embed Frameworks";
			runOnlyForDeploymentPostprocessing = 0;
		};
/* End PBXCopyFilesBuildPhase section */

/* Begin PBXFileReference section */
		6CC0534C1B1CAD88005F6A8A /* badgetMAIV.app */ = {isa = PBXFileReference; explicitFileType = wrapper.application; includeInIndex = 0; path = badgetMAIV.app; sourceTree = BUILT_PRODUCTS_DIR; };
		6CC053501B1CAD88005F6A8A /* Info.plist */ = {isa = PBXFileReference; lastKnownFileType = text.plist.xml; path = Info.plist; sourceTree = "<group>"; };
		6CC053511B1CAD88005F6A8A /* AppDelegate.swift */ = {isa = PBXFileReference; lastKnownFileType = sourcecode.swift; path = AppDelegate.swift; sourceTree = "<group>"; };
		6CC053541B1CAD88005F6A8A /* badgetMAIV.xcdatamodel */ = {isa = PBXFileReference; lastKnownFileType = wrapper.xcdatamodel; path = badgetMAIV.xcdatamodel; sourceTree = "<group>"; };
		6CC053561B1CAD88005F6A8A /* ViewController.swift */ = {isa = PBXFileReference; lastKnownFileType = sourcecode.swift; path = ViewController.swift; sourceTree = "<group>"; };
		6CC053581B1CAD88005F6A8A /* Images.xcassets */ = {isa = PBXFileReference; lastKnownFileType = folder.assetcatalog; path = Images.xcassets; sourceTree = "<group>"; };
		6CC0535B1B1CAD88005F6A8A /* Base */ = {isa = PBXFileReference; lastKnownFileType = file.xib; name = Base; path = Base.lproj/LaunchScreen.xib; sourceTree = "<group>"; };
		6CC053611B1CAD88005F6A8A /* badgetMAIVTests.xctest */ = {isa = PBXFileReference; explicitFileType = wrapper.cfbundle; includeInIndex = 0; path = badgetMAIVTests.xctest; sourceTree = BUILT_PRODUCTS_DIR; };
		6CC053661B1CAD88005F6A8A /* Info.plist */ = {isa = PBXFileReference; lastKnownFileType = text.plist.xml; path = Info.plist; sourceTree = "<group>"; };
		6CC053671B1CAD88005F6A8A /* badgetMAIVTests.swift */ = {isa = PBXFileReference; lastKnownFileType = sourcecode.swift; path = badgetMAIVTests.swift; sourceTree = "<group>"; };
		6CC053711B1CADBE005F6A8A /* Alamofire.xcodeproj */ = {isa = PBXFileReference; lastKnownFileType = "wrapper.pb-project"; name = Alamofire.xcodeproj; path = "Alamofire-master/Alamofire.xcodeproj"; sourceTree = "<group>"; };
		6CC053851B1CAE07005F6A8A /* ChallengeViewController.swift */ = {isa = PBXFileReference; fileEncoding = 4; lastKnownFileType = sourcecode.swift; path = ChallengeViewController.swift; sourceTree = "<group>"; };
		6CF186451B1CF3290004711E /* CustomTabBarController.swift */ = {isa = PBXFileReference; fileEncoding = 4; lastKnownFileType = sourcecode.swift; path = CustomTabBarController.swift; sourceTree = "<group>"; };
/* End PBXFileReference section */

/* Begin PBXFrameworksBuildPhase section */
		6CC053491B1CAD88005F6A8A /* Frameworks */ = {
			isa = PBXFrameworksBuildPhase;
			buildActionMask = 2147483647;
			files = (
				6CC053801B1CADD5005F6A8A /* Alamofire.framework in Frameworks */,
			);
			runOnlyForDeploymentPostprocessing = 0;
		};
		6CC0535E1B1CAD88005F6A8A /* Frameworks */ = {
			isa = PBXFrameworksBuildPhase;
			buildActionMask = 2147483647;
			files = (
			);
			runOnlyForDeploymentPostprocessing = 0;
		};
/* End PBXFrameworksBuildPhase section */

/* Begin PBXGroup section */
		6CC053431B1CAD88005F6A8A = {
			isa = PBXGroup;
			children = (
				6CC053711B1CADBE005F6A8A /* Alamofire.xcodeproj */,
				6CC0534E1B1CAD88005F6A8A /* badgetMAIV */,
				6CC053641B1CAD88005F6A8A /* badgetMAIVTests */,
				6CC0534D1B1CAD88005F6A8A /* Products */,
			);
			sourceTree = "<group>";
		};
		6CC0534D1B1CAD88005F6A8A /* Products */ = {
			isa = PBXGroup;
			children = (
				6CC0534C1B1CAD88005F6A8A /* badgetMAIV.app */,
				6CC053611B1CAD88005F6A8A /* badgetMAIVTests.xctest */,
			);
			name = Products;
			sourceTree = "<group>";
		};
		6CC0534E1B1CAD88005F6A8A /* badgetMAIV */ = {
			isa = PBXGroup;
			children = (
				6CC053511B1CAD88005F6A8A /* AppDelegate.swift */,
				6CF186451B1CF3290004711E /* CustomTabBarController.swift */,
				6CC053561B1CAD88005F6A8A /* ViewController.swift */,
				6CC053851B1CAE07005F6A8A /* ChallengeViewController.swift */,
				6CC053581B1CAD88005F6A8A /* Images.xcassets */,
				6CC0535A1B1CAD88005F6A8A /* LaunchScreen.xib */,
				6CC053531B1CAD88005F6A8A /* badgetMAIV.xcdatamodeld */,
				6CC0534F1B1CAD88005F6A8A /* Supporting Files */,
			);
			path = badgetMAIV;
			sourceTree = "<group>";
		};
		6CC0534F1B1CAD88005F6A8A /* Supporting Files */ = {
			isa = PBXGroup;
			children = (
				6CC053501B1CAD88005F6A8A /* Info.plist */,
			);
			name = "Supporting Files";
			sourceTree = "<group>";
		};
		6CC053641B1CAD88005F6A8A /* badgetMAIVTests */ = {
			isa = PBXGroup;
			children = (
				6CC053671B1CAD88005F6A8A /* badgetMAIVTests.swift */,
				6CC053651B1CAD88005F6A8A /* Supporting Files */,
			);
			path = badgetMAIVTests;
			sourceTree = "<group>";
		};
		6CC053651B1CAD88005F6A8A /* Supporting Files */ = {
			isa = PBXGroup;
			children = (
				6CC053661B1CAD88005F6A8A /* Info.plist */,
			);
			name = "Supporting Files";
			sourceTree = "<group>";
		};
		6CC053721B1CADBE005F6A8A /* Products */ = {
			isa = PBXGroup;
			children = (
				6CC053791B1CADBE005F6A8A /* Alamofire.framework */,
				6CC0537B1B1CADBE005F6A8A /* Alamofire.framework */,
				6CC0537D1B1CADBE005F6A8A /* Alamofire iOS Tests.xctest */,
				6CC0537F1B1CADBE005F6A8A /* Alamofire OSX Tests.xctest */,
			);
			name = Products;
			sourceTree = "<group>";
		};
/* End PBXGroup section */

/* Begin PBXNativeTarget section */
		6CC0534B1B1CAD88005F6A8A /* badgetMAIV */ = {
			isa = PBXNativeTarget;
			buildConfigurationList = 6CC0536B1B1CAD88005F6A8A /* Build configuration list for PBXNativeTarget "badgetMAIV" */;
			buildPhases = (
				6CC053481B1CAD88005F6A8A /* Sources */,
				6CC053491B1CAD88005F6A8A /* Frameworks */,
				6CC0534A1B1CAD88005F6A8A /* Resources */,
				6CC053841B1CADD5005F6A8A /* Embed Frameworks */,
			);
			buildRules = (
			);
			dependencies = (
				6CC053831B1CADD5005F6A8A /* PBXTargetDependency */,
			);
			name = badgetMAIV;
			productName = badgetMAIV;
			productReference = 6CC0534C1B1CAD88005F6A8A /* badgetMAIV.app */;
			productType = "com.apple.product-type.application";
		};
		6CC053601B1CAD88005F6A8A /* badgetMAIVTests */ = {
			isa = PBXNativeTarget;
			buildConfigurationList = 6CC0536E1B1CAD88005F6A8A /* Build configuration list for PBXNativeTarget "badgetMAIVTests" */;
			buildPhases = (
				6CC0535D1B1CAD88005F6A8A /* Sources */,
				6CC0535E1B1CAD88005F6A8A /* Frameworks */,
				6CC0535F1B1CAD88005F6A8A /* Resources */,
			);
			buildRules = (
			);
			dependencies = (
				6CC053631B1CAD88005F6A8A /* PBXTargetDependency */,
			);
			name = badgetMAIVTests;
			productName = badgetMAIVTests;
			productReference = 6CC053611B1CAD88005F6A8A /* badgetMAIVTests.xctest */;
			productType = "com.apple.product-type.bundle.unit-test";
		};
/* End PBXNativeTarget section */

/* Begin PBXProject section */
		6CC053441B1CAD88005F6A8A /* Project object */ = {
			isa = PBXProject;
			attributes = {
				LastUpgradeCheck = 0630;
				ORGANIZATIONNAME = Brodelet.Matthias;
				TargetAttributes = {
					6CC0534B1B1CAD88005F6A8A = {
						CreatedOnToolsVersion = 6.3.2;
					};
					6CC053601B1CAD88005F6A8A = {
						CreatedOnToolsVersion = 6.3.2;
						TestTargetID = 6CC0534B1B1CAD88005F6A8A;
					};
				};
			};
			buildConfigurationList = 6CC053471B1CAD88005F6A8A /* Build configuration list for PBXProject "badgetMAIV" */;
			compatibilityVersion = "Xcode 3.2";
			developmentRegion = English;
			hasScannedForEncodings = 0;
			knownRegions = (
				en,
				Base,
			);
			mainGroup = 6CC053431B1CAD88005F6A8A;
			productRefGroup = 6CC0534D1B1CAD88005F6A8A /* Products */;
			projectDirPath = "";
			projectReferences = (
				{
					ProductGroup = 6CC053721B1CADBE005F6A8A /* Products */;
					ProjectRef = 6CC053711B1CADBE005F6A8A /* Alamofire.xcodeproj */;
				},
			);
			projectRoot = "";
			targets = (
				6CC0534B1B1CAD88005F6A8A /* badgetMAIV */,
				6CC053601B1CAD88005F6A8A /* badgetMAIVTests */,
			);
		};
/* End PBXProject section */

/* Begin PBXReferenceProxy section */
		6CC053791B1CADBE005F6A8A /* Alamofire.framework */ = {
			isa = PBXReferenceProxy;
			fileType = wrapper.framework;
			path = Alamofire.framework;
			remoteRef = 6CC053781B1CADBE005F6A8A /* PBXContainerItemProxy */;
			sourceTree = BUILT_PRODUCTS_DIR;
		};
		6CC0537B1B1CADBE005F6A8A /* Alamofire.framework */ = {
			isa = PBXReferenceProxy;
			fileType = wrapper.framework;
			path = Alamofire.framework;
			remoteRef = 6CC0537A1B1CADBE005F6A8A /* PBXContainerItemProxy */;
			sourceTree = BUILT_PRODUCTS_DIR;
		};
		6CC0537D1B1CADBE005F6A8A /* Alamofire iOS Tests.xctest */ = {
			isa = PBXReferenceProxy;
			fileType = wrapper.cfbundle;
			path = "Alamofire iOS Tests.xctest";
			remoteRef = 6CC0537C1B1CADBE005F6A8A /* PBXContainerItemProxy */;
			sourceTree = BUILT_PRODUCTS_DIR;
		};
		6CC0537F1B1CADBE005F6A8A /* Alamofire OSX Tests.xctest */ = {
			isa = PBXReferenceProxy;
			fileType = wrapper.cfbundle;
			path = "Alamofire OSX Tests.xctest";
			remoteRef = 6CC0537E1B1CADBE005F6A8A /* PBXContainerItemProxy */;
			sourceTree = BUILT_PRODUCTS_DIR;
		};
/* End PBXReferenceProxy section */

/* Begin PBXResourcesBuildPhase section */
		6CC0534A1B1CAD88005F6A8A /* Resources */ = {
			isa = PBXResourcesBuildPhase;
			buildActionMask = 2147483647;
			files = (
				6CC0535C1B1CAD88005F6A8A /* LaunchScreen.xib in Resources */,
				6CC053591B1CAD88005F6A8A /* Images.xcassets in Resources */,
			);
			runOnlyForDeploymentPostprocessing = 0;
		};
		6CC0535F1B1CAD88005F6A8A /* Resources */ = {
			isa = PBXResourcesBuildPhase;
			buildActionMask = 2147483647;
			files = (
			);
			runOnlyForDeploymentPostprocessing = 0;
		};
/* End PBXResourcesBuildPhase section */

/* Begin PBXSourcesBuildPhase section */
		6CC053481B1CAD88005F6A8A /* Sources */ = {
			isa = PBXSourcesBuildPhase;
			buildActionMask = 2147483647;
			files = (
				6CC053571B1CAD88005F6A8A /* ViewController.swift in Sources */,
				6CC053521B1CAD88005F6A8A /* AppDelegate.swift in Sources */,
				6CF186461B1CF3290004711E /* CustomTabBarController.swift in Sources */,
				6CC053861B1CAE07005F6A8A /* ChallengeViewController.swift in Sources */,
				6CC053551B1CAD88005F6A8A /* badgetMAIV.xcdatamodeld in Sources */,
			);
			runOnlyForDeploymentPostprocessing = 0;
		};
		6CC0535D1B1CAD88005F6A8A /* Sources */ = {
			isa = PBXSourcesBuildPhase;
			buildActionMask = 2147483647;
			files = (
				6CC053681B1CAD88005F6A8A /* badgetMAIVTests.swift in Sources */,
			);
			runOnlyForDeploymentPostprocessing = 0;
		};
/* End PBXSourcesBuildPhase section */

/* Begin PBXTargetDependency section */
		6CC053631B1CAD88005F6A8A /* PBXTargetDependency */ = {
			isa = PBXTargetDependency;
			target = 6CC0534B1B1CAD88005F6A8A /* badgetMAIV */;
			targetProxy = 6CC053621B1CAD88005F6A8A /* PBXContainerItemProxy */;
		};
		6CC053831B1CADD5005F6A8A /* PBXTargetDependency */ = {
			isa = PBXTargetDependency;
			name = "Alamofire iOS";
			targetProxy = 6CC053821B1CADD5005F6A8A /* PBXContainerItemProxy */;
		};
/* End PBXTargetDependency section */

/* Begin PBXVariantGroup section */
		6CC0535A1B1CAD88005F6A8A /* LaunchScreen.xib */ = {
			isa = PBXVariantGroup;
			children = (
				6CC0535B1B1CAD88005F6A8A /* Base */,
			);
			name = LaunchScreen.xib;
			sourceTree = "<group>";
		};
/* End PBXVariantGroup section */

/* Begin XCBuildConfiguration section */
		6CC053691B1CAD88005F6A8A /* Debug */ = {
			isa = XCBuildConfiguration;
			buildSettings = {
				ALWAYS_SEARCH_USER_PATHS = NO;
				CLANG_CXX_LANGUAGE_STANDARD = "gnu++0x";
				CLANG_CXX_LIBRARY = "libc++";
				CLANG_ENABLE_MODULES = YES;
				CLANG_ENABLE_OBJC_ARC = YES;
				CLANG_WARN_BOOL_CONVERSION = YES;
				CLANG_WARN_CONSTANT_CONVERSION = YES;
				CLANG_WARN_DIRECT_OBJC_ISA_USAGE = YES_ERROR;
				CLANG_WARN_EMPTY_BODY = YES;
				CLANG_WARN_ENUM_CONVERSION = YES;
				CLANG_WARN_INT_CONVERSION = YES;
				CLANG_WARN_OBJC_ROOT_CLASS = YES_ERROR;
				CLANG_WARN_UNREACHABLE_CODE = YES;
				CLANG_WARN__DUPLICATE_METHOD_MATCH = YES;
				"CODE_SIGN_IDENTITY[sdk=iphoneos*]" = "iPhone Developer";
				COPY_PHASE_STRIP = NO;
				DEBUG_INFORMATION_FORMAT = "dwarf-with-dsym";
				ENABLE_STRICT_OBJC_MSGSEND = YES;
				GCC_C_LANGUAGE_STANDARD = gnu99;
				GCC_DYNAMIC_NO_PIC = NO;
				GCC_NO_COMMON_BLOCKS = YES;
				GCC_OPTIMIZATION_LEVEL = 0;
				GCC_PREPROCESSOR_DEFINITIONS = (
					"DEBUG=1",
					"$(inherited)",
				);
				GCC_SYMBOLS_PRIVATE_EXTERN = NO;
				GCC_WARN_64_TO_32_BIT_CONVERSION = YES;
				GCC_WARN_ABOUT_RETURN_TYPE = YES_ERROR;
				GCC_WARN_UNDECLARED_SELECTOR = YES;
				GCC_WARN_UNINITIALIZED_AUTOS = YES_AGGRESSIVE;
				GCC_WARN_UNUSED_FUNCTION = YES;
				GCC_WARN_UNUSED_VARIABLE = YES;
				IPHONEOS_DEPLOYMENT_TARGET = 8.3;
				MTL_ENABLE_DEBUG_INFO = YES;
				ONLY_ACTIVE_ARCH = YES;
				SDKROOT = iphoneos;
				SWIFT_OPTIMIZATION_LEVEL = "-Onone";
			};
			name = Debug;
		};
		6CC0536A1B1CAD88005F6A8A /* Release */ = {
			isa = XCBuildConfiguration;
			buildSettings = {
				ALWAYS_SEARCH_USER_PATHS = NO;
				CLANG_CXX_LANGUAGE_STANDARD = "gnu++0x";
				CLANG_CXX_LIBRARY = "libc++";
				CLANG_ENABLE_MODULES = YES;
				CLANG_ENABLE_OBJC_ARC = YES;
				CLANG_WARN_BOOL_CONVERSION = YES;
				CLANG_WARN_CONSTANT_CONVERSION = YES;
				CLANG_WARN_DIRECT_OBJC_ISA_USAGE = YES_ERROR;
				CLANG_WARN_EMPTY_BODY = YES;
				CLANG_WARN_ENUM_CONVERSION = YES;
				CLANG_WARN_INT_CONVERSION = YES;
				CLANG_WARN_OBJC_ROOT_CLASS = YES_ERROR;
				CLANG_WARN_UNREACHABLE_CODE = YES;
				CLANG_WARN__DUPLICATE_METHOD_MATCH = YES;
				"CODE_SIGN_IDENTITY[sdk=iphoneos*]" = "iPhone Developer";
				COPY_PHASE_STRIP = NO;
				DEBUG_INFORMATION_FORMAT = "dwarf-with-dsym";
				ENABLE_NS_ASSERTIONS = NO;
				ENABLE_STRICT_OBJC_MSGSEND = YES;
				GCC_C_LANGUAGE_STANDARD = gnu99;
				GCC_NO_COMMON_BLOCKS = YES;
				GCC_WARN_64_TO_32_BIT_CONVERSION = YES;
				GCC_WARN_ABOUT_RETURN_TYPE = YES_ERROR;
				GCC_WARN_UNDECLARED_SELECTOR = YES;
				GCC_WARN_UNINITIALIZED_AUTOS = YES_AGGRESSIVE;
				GCC_WARN_UNUSED_FUNCTION = YES;
				GCC_WARN_UNUSED_VARIABLE = YES;
				IPHONEOS_DEPLOYMENT_TARGET = 8.3;
				MTL_ENABLE_DEBUG_INFO = NO;
				SDKROOT = iphoneos;
				VALIDATE_PRODUCT = YES;
			};
			name = Release;
		};
		6CC0536C1B1CAD88005F6A8A /* Debug */ = {
			isa = XCBuildConfiguration;
			buildSettings = {
				ASSETCATALOG_COMPILER_APPICON_NAME = AppIcon;
				INFOPLIST_FILE = badgetMAIV/Info.plist;
				LD_RUNPATH_SEARCH_PATHS = "$(inherited) @executable_path/Frameworks";
				PRODUCT_NAME = "$(TARGET_NAME)";
			};
			name = Debug;
		};
		6CC0536D1B1CAD88005F6A8A /* Release */ = {
			isa = XCBuildConfiguration;
			buildSettings = {
				ASSETCATALOG_COMPILER_APPICON_NAME = AppIcon;
				INFOPLIST_FILE = badgetMAIV/Info.plist;
				LD_RUNPATH_SEARCH_PATHS = "$(inherited) @executable_path/Frameworks";
				PRODUCT_NAME = "$(TARGET_NAME)";
			};
			name = Release;
		};
		6CC0536F1B1CAD88005F6A8A /* Debug */ = {
			isa = XCBuildConfiguration;
			buildSettings = {
				BUNDLE_LOADER = "$(TEST_HOST)";
				FRAMEWORK_SEARCH_PATHS = (
					"$(SDKROOT)/Developer/Library/Frameworks",
					"$(inherited)",
				);
				GCC_PREPROCESSOR_DEFINITIONS = (
					"DEBUG=1",
					"$(inherited)",
				);
				INFOPLIST_FILE = badgetMAIVTests/Info.plist;
				LD_RUNPATH_SEARCH_PATHS = "$(inherited) @executable_path/Frameworks @loader_path/Frameworks";
				PRODUCT_NAME = "$(TARGET_NAME)";
				TEST_HOST = "$(BUILT_PRODUCTS_DIR)/badgetMAIV.app/badgetMAIV";
			};
			name = Debug;
		};
		6CC053701B1CAD88005F6A8A /* Release */ = {
			isa = XCBuildConfiguration;
			buildSettings = {
				BUNDLE_LOADER = "$(TEST_HOST)";
				FRAMEWORK_SEARCH_PATHS = (
					"$(SDKROOT)/Developer/Library/Frameworks",
					"$(inherited)",
				);
				INFOPLIST_FILE = badgetMAIVTests/Info.plist;
				LD_RUNPATH_SEARCH_PATHS = "$(inherited) @executable_path/Frameworks @loader_path/Frameworks";
				PRODUCT_NAME = "$(TARGET_NAME)";
				TEST_HOST = "$(BUILT_PRODUCTS_DIR)/badgetMAIV.app/badgetMAIV";
			};
			name = Release;
		};
/* End XCBuildConfiguration section */

/* Begin XCConfigurationList section */
		6CC053471B1CAD88005F6A8A /* Build configuration list for PBXProject "badgetMAIV" */ = {
			isa = XCConfigurationList;
			buildConfigurations = (
				6CC053691B1CAD88005F6A8A /* Debug */,
				6CC0536A1B1CAD88005F6A8A /* Release */,
			);
			defaultConfigurationIsVisible = 0;
			defaultConfigurationName = Release;
		};
		6CC0536B1B1CAD88005F6A8A /* Build configuration list for PBXNativeTarget "badgetMAIV" */ = {
			isa = XCConfigurationList;
			buildConfigurations = (
				6CC0536C1B1CAD88005F6A8A /* Debug */,
				6CC0536D1B1CAD88005F6A8A /* Release */,
			);
			defaultConfigurationIsVisible = 0;
			defaultConfigurationName = Release;
		};
		6CC0536E1B1CAD88005F6A8A /* Build configuration list for PBXNativeTarget "badgetMAIVTests" */ = {
			isa = XCConfigurationList;
			buildConfigurations = (
				6CC0536F1B1CAD88005F6A8A /* Debug */,
				6CC053701B1CAD88005F6A8A /* Release */,
			);
			defaultConfigurationIsVisible = 0;
			defaultConfigurationName = Release;
		};
/* End XCConfigurationList section */

/* Begin XCVersionGroup section */
		6CC053531B1CAD88005F6A8A /* badgetMAIV.xcdatamodeld */ = {
			isa = XCVersionGroup;
			children = (
				6CC053541B1CAD88005F6A8A /* badgetMAIV.xcdatamodel */,
			);
			currentVersion = 6CC053541B1CAD88005F6A8A /* badgetMAIV.xcdatamodel */;
			path = badgetMAIV.xcdatamodeld;
			sourceTree = "<group>";
			versionGroupType = wrapper.xcdatamodel;
		};
/* End XCVersionGroup section */
	};
	rootObject = 6CC053441B1CAD88005F6A8A /* Project object */;
}
